// !$*UTF8*$!
{
	archiveVersion = 1;
	classes = {
	};
	objectVersion = 46;
	objects = {

/* Begin PBXBuildFile section */
		AA1597681EC26CC5002E472F /* LoginModel.swift in Sources */ = {isa = PBXBuildFile; fileRef = AA15974E1EC26CC5002E472F /* LoginModel.swift */; };
		AA15976A1EC26CC5002E472F /* LoginProtocol.swift in Sources */ = {isa = PBXBuildFile; fileRef = AA1597501EC26CC5002E472F /* LoginProtocol.swift */; };
		AA15976B1EC26CC5002E472F /* LoginViewController.swift in Sources */ = {isa = PBXBuildFile; fileRef = AA1597511EC26CC5002E472F /* LoginViewController.swift */; };
		AA15976C1EC26CC5002E472F /* LoginViewController.xib in Resources */ = {isa = PBXBuildFile; fileRef = AA1597521EC26CC5002E472F /* LoginViewController.xib */; };
		AA15976D1EC26CC5002E472F /* MainPresenter.swift in Sources */ = {isa = PBXBuildFile; fileRef = AA1597541EC26CC5002E472F /* MainPresenter.swift */; };
		AA15976E1EC26CC5002E472F /* MainProtocol.swift in Sources */ = {isa = PBXBuildFile; fileRef = AA1597551EC26CC5002E472F /* MainProtocol.swift */; };
		AA15976F1EC26CC5002E472F /* MainViewController.swift in Sources */ = {isa = PBXBuildFile; fileRef = AA1597561EC26CC5002E472F /* MainViewController.swift */; };
		AA1597701EC26CC5002E472F /* MainViewController.xib in Resources */ = {isa = PBXBuildFile; fileRef = AA1597571EC26CC5002E472F /* MainViewController.xib */; };
		AA1597711EC26CC5002E472F /* MainCourseDetailProtocol.swift in Sources */ = {isa = PBXBuildFile; fileRef = AA1597591EC26CC5002E472F /* MainCourseDetailProtocol.swift */; };
		AA1597721EC26CC5002E472F /* MainCourseDetailViewController.swift in Sources */ = {isa = PBXBuildFile; fileRef = AA15975A1EC26CC5002E472F /* MainCourseDetailViewController.swift */; };
		AA1597731EC26CC5002E472F /* MainCourseDetailViewController.xib in Resources */ = {isa = PBXBuildFile; fileRef = AA15975B1EC26CC5002E472F /* MainCourseDetailViewController.xib */; };
		AA1597741EC26CC5002E472F /* MainCoursePresenter.swift in Sources */ = {isa = PBXBuildFile; fileRef = AA15975C1EC26CC5002E472F /* MainCoursePresenter.swift */; };
		AA1597751EC26CC5002E472F /* MainCourseCellProtocol.swift in Sources */ = {isa = PBXBuildFile; fileRef = AA15975F1EC26CC5002E472F /* MainCourseCellProtocol.swift */; };
		AA1597761EC26CC5002E472F /* MainCourseCellView.swift in Sources */ = {isa = PBXBuildFile; fileRef = AA1597601EC26CC5002E472F /* MainCourseCellView.swift */; };
		AA1597771EC26CC5002E472F /* MainCourseCellView.xib in Resources */ = {isa = PBXBuildFile; fileRef = AA1597611EC26CC5002E472F /* MainCourseCellView.xib */; };
		AA1597791EC26CC5002E472F /* SettingsPresenter.swift in Sources */ = {isa = PBXBuildFile; fileRef = AA1597641EC26CC5002E472F /* SettingsPresenter.swift */; };
		AA15977A1EC26CC5002E472F /* SettingsProtocol.swift in Sources */ = {isa = PBXBuildFile; fileRef = AA1597651EC26CC5002E472F /* SettingsProtocol.swift */; };
		AA15977B1EC26CC5002E472F /* SettingsViewController.swift in Sources */ = {isa = PBXBuildFile; fileRef = AA1597661EC26CC5002E472F /* SettingsViewController.swift */; };
		AA15977C1EC26CC5002E472F /* SettingsViewController.xib in Resources */ = {isa = PBXBuildFile; fileRef = AA1597671EC26CC5002E472F /* SettingsViewController.xib */; };
		AA15977E1EC26CCA002E472F /* MainCoursesList.xcdatamodel in Sources */ = {isa = PBXBuildFile; fileRef = AA15977D1EC26CCA002E472F /* MainCoursesList.xcdatamodel */; };
		AA1597821EC351CE002E472F /* LoginPresenter.swift in Sources */ = {isa = PBXBuildFile; fileRef = AA1597811EC351CE002E472F /* LoginPresenter.swift */; };
		AA1597861EC357EF002E472F /* MainCoursesPresenter.swift in Sources */ = {isa = PBXBuildFile; fileRef = AA1597831EC357EF002E472F /* MainCoursesPresenter.swift */; };
		AA1597871EC357EF002E472F /* MainCoursesProtocol.swift in Sources */ = {isa = PBXBuildFile; fileRef = AA1597841EC357EF002E472F /* MainCoursesProtocol.swift */; };
		AA1597881EC357EF002E472F /* MainCoursesTableViewController.swift in Sources */ = {isa = PBXBuildFile; fileRef = AA1597851EC357EF002E472F /* MainCoursesTableViewController.swift */; };
		AA15978B1EC3599A002E472F /* Main.storyboard in Resources */ = {isa = PBXBuildFile; fileRef = AA1597891EC3599A002E472F /* Main.storyboard */; };
		AA421CA01EBA16E500C1F6FF /* AppDelegate.swift in Sources */ = {isa = PBXBuildFile; fileRef = AA421C9F1EBA16E500C1F6FF /* AppDelegate.swift */; };
		AA421CA71EBA16E500C1F6FF /* Assets.xcassets in Resources */ = {isa = PBXBuildFile; fileRef = AA421CA61EBA16E500C1F6FF /* Assets.xcassets */; };
		AA421CAA1EBA16E500C1F6FF /* LaunchScreen.storyboard in Resources */ = {isa = PBXBuildFile; fileRef = AA421CA81EBA16E500C1F6FF /* LaunchScreen.storyboard */; };
		AA421CB51EBA16E500C1F6FF /* TrainingTests.swift in Sources */ = {isa = PBXBuildFile; fileRef = AA421CB41EBA16E500C1F6FF /* TrainingTests.swift */; };
/* End PBXBuildFile section */

/* Begin PBXContainerItemProxy section */
		AA421CB11EBA16E500C1F6FF /* PBXContainerItemProxy */ = {
			isa = PBXContainerItemProxy;
			containerPortal = AA421C941EBA16E400C1F6FF /* Project object */;
			proxyType = 1;
			remoteGlobalIDString = AA421C9B1EBA16E400C1F6FF;
			remoteInfo = Training;
		};
/* End PBXContainerItemProxy section */

/* Begin PBXFileReference section */
		AA15974E1EC26CC5002E472F /* LoginModel.swift */ = {isa = PBXFileReference; fileEncoding = 4; lastKnownFileType = sourcecode.swift; path = LoginModel.swift; sourceTree = "<group>"; };
		AA1597501EC26CC5002E472F /* LoginProtocol.swift */ = {isa = PBXFileReference; fileEncoding = 4; lastKnownFileType = sourcecode.swift; path = LoginProtocol.swift; sourceTree = "<group>"; };
		AA1597511EC26CC5002E472F /* LoginViewController.swift */ = {isa = PBXFileReference; fileEncoding = 4; lastKnownFileType = sourcecode.swift; path = LoginViewController.swift; sourceTree = "<group>"; };
		AA1597521EC26CC5002E472F /* LoginViewController.xib */ = {isa = PBXFileReference; fileEncoding = 4; lastKnownFileType = file.xib; path = LoginViewController.xib; sourceTree = "<group>"; };
		AA1597541EC26CC5002E472F /* MainPresenter.swift */ = {isa = PBXFileReference; fileEncoding = 4; lastKnownFileType = sourcecode.swift; path = MainPresenter.swift; sourceTree = "<group>"; };
		AA1597551EC26CC5002E472F /* MainProtocol.swift */ = {isa = PBXFileReference; fileEncoding = 4; lastKnownFileType = sourcecode.swift; path = MainProtocol.swift; sourceTree = "<group>"; };
		AA1597561EC26CC5002E472F /* MainViewController.swift */ = {isa = PBXFileReference; fileEncoding = 4; lastKnownFileType = sourcecode.swift; path = MainViewController.swift; sourceTree = "<group>"; };
		AA1597571EC26CC5002E472F /* MainViewController.xib */ = {isa = PBXFileReference; fileEncoding = 4; lastKnownFileType = file.xib; path = MainViewController.xib; sourceTree = "<group>"; };
		AA1597591EC26CC5002E472F /* MainCourseDetailProtocol.swift */ = {isa = PBXFileReference; fileEncoding = 4; lastKnownFileType = sourcecode.swift; path = MainCourseDetailProtocol.swift; sourceTree = "<group>"; };
		AA15975A1EC26CC5002E472F /* MainCourseDetailViewController.swift */ = {isa = PBXFileReference; fileEncoding = 4; lastKnownFileType = sourcecode.swift; path = MainCourseDetailViewController.swift; sourceTree = "<group>"; };
		AA15975B1EC26CC5002E472F /* MainCourseDetailViewController.xib */ = {isa = PBXFileReference; fileEncoding = 4; lastKnownFileType = file.xib; path = MainCourseDetailViewController.xib; sourceTree = "<group>"; };
		AA15975C1EC26CC5002E472F /* MainCoursePresenter.swift */ = {isa = PBXFileReference; fileEncoding = 4; lastKnownFileType = sourcecode.swift; path = MainCoursePresenter.swift; sourceTree = "<group>"; };
		AA15975F1EC26CC5002E472F /* MainCourseCellProtocol.swift */ = {isa = PBXFileReference; fileEncoding = 4; lastKnownFileType = sourcecode.swift; path = MainCourseCellProtocol.swift; sourceTree = "<group>"; };
		AA1597601EC26CC5002E472F /* MainCourseCellView.swift */ = {isa = PBXFileReference; fileEncoding = 4; lastKnownFileType = sourcecode.swift; path = MainCourseCellView.swift; sourceTree = "<group>"; };
		AA1597611EC26CC5002E472F /* MainCourseCellView.xib */ = {isa = PBXFileReference; fileEncoding = 4; lastKnownFileType = file.xib; path = MainCourseCellView.xib; sourceTree = "<group>"; };
		AA1597641EC26CC5002E472F /* SettingsPresenter.swift */ = {isa = PBXFileReference; fileEncoding = 4; lastKnownFileType = sourcecode.swift; path = SettingsPresenter.swift; sourceTree = "<group>"; };
		AA1597651EC26CC5002E472F /* SettingsProtocol.swift */ = {isa = PBXFileReference; fileEncoding = 4; lastKnownFileType = sourcecode.swift; path = SettingsProtocol.swift; sourceTree = "<group>"; };
		AA1597661EC26CC5002E472F /* SettingsViewController.swift */ = {isa = PBXFileReference; fileEncoding = 4; lastKnownFileType = sourcecode.swift; path = SettingsViewController.swift; sourceTree = "<group>"; };
		AA1597671EC26CC5002E472F /* SettingsViewController.xib */ = {isa = PBXFileReference; fileEncoding = 4; lastKnownFileType = file.xib; path = SettingsViewController.xib; sourceTree = "<group>"; };
		AA15977D1EC26CCA002E472F /* MainCoursesList.xcdatamodel */ = {isa = PBXFileReference; lastKnownFileType = wrapper.xcdatamodel; path = MainCoursesList.xcdatamodel; sourceTree = "<group>"; };
		AA1597811EC351CE002E472F /* LoginPresenter.swift */ = {isa = PBXFileReference; fileEncoding = 4; lastKnownFileType = sourcecode.swift; path = LoginPresenter.swift; sourceTree = "<group>"; };
		AA1597831EC357EF002E472F /* MainCoursesPresenter.swift */ = {isa = PBXFileReference; fileEncoding = 4; lastKnownFileType = sourcecode.swift; path = MainCoursesPresenter.swift; sourceTree = "<group>"; };
		AA1597841EC357EF002E472F /* MainCoursesProtocol.swift */ = {isa = PBXFileReference; fileEncoding = 4; lastKnownFileType = sourcecode.swift; path = MainCoursesProtocol.swift; sourceTree = "<group>"; };
		AA1597851EC357EF002E472F /* MainCoursesTableViewController.swift */ = {isa = PBXFileReference; fileEncoding = 4; lastKnownFileType = sourcecode.swift; path = MainCoursesTableViewController.swift; sourceTree = "<group>"; };
		AA15978A1EC3599A002E472F /* Base */ = {isa = PBXFileReference; lastKnownFileType = file.storyboard; name = Base; path = Base.lproj/Main.storyboard; sourceTree = "<group>"; };
		AA421C9C1EBA16E500C1F6FF /* Training.app */ = {isa = PBXFileReference; explicitFileType = wrapper.application; includeInIndex = 0; path = Training.app; sourceTree = BUILT_PRODUCTS_DIR; };
		AA421C9F1EBA16E500C1F6FF /* AppDelegate.swift */ = {isa = PBXFileReference; lastKnownFileType = sourcecode.swift; path = AppDelegate.swift; sourceTree = "<group>"; };
		AA421CA61EBA16E500C1F6FF /* Assets.xcassets */ = {isa = PBXFileReference; lastKnownFileType = folder.assetcatalog; path = Assets.xcassets; sourceTree = "<group>"; };
		AA421CA91EBA16E500C1F6FF /* Base */ = {isa = PBXFileReference; lastKnownFileType = file.storyboard; name = Base; path = Base.lproj/LaunchScreen.storyboard; sourceTree = "<group>"; };
		AA421CAB1EBA16E500C1F6FF /* Info.plist */ = {isa = PBXFileReference; lastKnownFileType = text.plist.xml; path = Info.plist; sourceTree = "<group>"; };
		AA421CB01EBA16E500C1F6FF /* TrainingTests.xctest */ = {isa = PBXFileReference; explicitFileType = wrapper.cfbundle; includeInIndex = 0; path = TrainingTests.xctest; sourceTree = BUILT_PRODUCTS_DIR; };
		AA421CB41EBA16E500C1F6FF /* TrainingTests.swift */ = {isa = PBXFileReference; lastKnownFileType = sourcecode.swift; path = TrainingTests.swift; sourceTree = "<group>"; };
		AA421CB61EBA16E500C1F6FF /* Info.plist */ = {isa = PBXFileReference; lastKnownFileType = text.plist.xml; path = Info.plist; sourceTree = "<group>"; };
/* End PBXFileReference section */

/* Begin PBXFrameworksBuildPhase section */
		AA421C991EBA16E400C1F6FF /* Frameworks */ = {
			isa = PBXFrameworksBuildPhase;
			buildActionMask = 2147483647;
			files = (
			);
			runOnlyForDeploymentPostprocessing = 0;
		};
		AA421CAD1EBA16E500C1F6FF /* Frameworks */ = {
			isa = PBXFrameworksBuildPhase;
			buildActionMask = 2147483647;
			files = (
			);
			runOnlyForDeploymentPostprocessing = 0;
		};
/* End PBXFrameworksBuildPhase section */

/* Begin PBXGroup section */
		AA15974C1EC26CC5002E472F /* Classes */ = {
			isa = PBXGroup;
			children = (
				AA15974D1EC26CC5002E472F /* Login */,
				AA1597531EC26CC5002E472F /* Main */,
				AA1597581EC26CC5002E472F /* MainCourseDetail */,
				AA15975D1EC26CC5002E472F /* MainCourses */,
				AA1597631EC26CC5002E472F /* Settings */,
			);
			path = Classes;
			sourceTree = "<group>";
		};
		AA15974D1EC26CC5002E472F /* Login */ = {
			isa = PBXGroup;
			children = (
				AA15974E1EC26CC5002E472F /* LoginModel.swift */,
				AA1597501EC26CC5002E472F /* LoginProtocol.swift */,
				AA1597511EC26CC5002E472F /* LoginViewController.swift */,
				AA1597521EC26CC5002E472F /* LoginViewController.xib */,
				AA1597811EC351CE002E472F /* LoginPresenter.swift */,
			);
			path = Login;
			sourceTree = "<group>";
		};
		AA1597531EC26CC5002E472F /* Main */ = {
			isa = PBXGroup;
			children = (
				AA1597541EC26CC5002E472F /* MainPresenter.swift */,
				AA1597551EC26CC5002E472F /* MainProtocol.swift */,
				AA1597561EC26CC5002E472F /* MainViewController.swift */,
				AA1597571EC26CC5002E472F /* MainViewController.xib */,
			);
			path = Main;
			sourceTree = "<group>";
		};
		AA1597581EC26CC5002E472F /* MainCourseDetail */ = {
			isa = PBXGroup;
			children = (
				AA1597591EC26CC5002E472F /* MainCourseDetailProtocol.swift */,
				AA15975A1EC26CC5002E472F /* MainCourseDetailViewController.swift */,
				AA15975B1EC26CC5002E472F /* MainCourseDetailViewController.xib */,
				AA15975C1EC26CC5002E472F /* MainCoursePresenter.swift */,
			);
			path = MainCourseDetail;
			sourceTree = "<group>";
		};
		AA15975D1EC26CC5002E472F /* MainCourses */ = {
			isa = PBXGroup;
			children = (
				AA15975E1EC26CC5002E472F /* MainCourseCell */,
				AA1597831EC357EF002E472F /* MainCoursesPresenter.swift */,
				AA1597841EC357EF002E472F /* MainCoursesProtocol.swift */,
				AA1597851EC357EF002E472F /* MainCoursesTableViewController.swift */,
			);
			path = MainCourses;
			sourceTree = "<group>";
		};
		AA15975E1EC26CC5002E472F /* MainCourseCell */ = {
			isa = PBXGroup;
			children = (
				AA15975F1EC26CC5002E472F /* MainCourseCellProtocol.swift */,
				AA1597601EC26CC5002E472F /* MainCourseCellView.swift */,
				AA1597611EC26CC5002E472F /* MainCourseCellView.xib */,
			);
			path = MainCourseCell;
			sourceTree = "<group>";
		};
		AA1597631EC26CC5002E472F /* Settings */ = {
			isa = PBXGroup;
			children = (
				AA1597641EC26CC5002E472F /* SettingsPresenter.swift */,
				AA1597651EC26CC5002E472F /* SettingsProtocol.swift */,
				AA1597661EC26CC5002E472F /* SettingsViewController.swift */,
				AA1597671EC26CC5002E472F /* SettingsViewController.xib */,
			);
			path = Settings;
			sourceTree = "<group>";
		};
		AA421C931EBA16E400C1F6FF = {
			isa = PBXGroup;
			children = (
				AA421C9E1EBA16E500C1F6FF /* Training */,
				AA421CB31EBA16E500C1F6FF /* TrainingTests */,
				AA421C9D1EBA16E500C1F6FF /* Products */,
			);
			sourceTree = "<group>";
		};
		AA421C9D1EBA16E500C1F6FF /* Products */ = {
			isa = PBXGroup;
			children = (
				AA421C9C1EBA16E500C1F6FF /* Training.app */,
				AA421CB01EBA16E500C1F6FF /* TrainingTests.xctest */,
			);
			name = Products;
			sourceTree = "<group>";
		};
		AA421C9E1EBA16E500C1F6FF /* Training */ = {
			isa = PBXGroup;
			children = (
				AA15974C1EC26CC5002E472F /* Classes */,
				AA421C9F1EBA16E500C1F6FF /* AppDelegate.swift */,
				AA421CA61EBA16E500C1F6FF /* Assets.xcassets */,
				AA1597891EC3599A002E472F /* Main.storyboard */,
				AA421CA81EBA16E500C1F6FF /* LaunchScreen.storyboard */,
				AA421CAB1EBA16E500C1F6FF /* Info.plist */,
				AA15977D1EC26CCA002E472F /* MainCoursesList.xcdatamodel */,
			);
			path = Training;
			sourceTree = "<group>";
		};
		AA421CB31EBA16E500C1F6FF /* TrainingTests */ = {
			isa = PBXGroup;
			children = (
				AA421CB41EBA16E500C1F6FF /* TrainingTests.swift */,
				AA421CB61EBA16E500C1F6FF /* Info.plist */,
			);
			path = TrainingTests;
			sourceTree = "<group>";
		};
/* End PBXGroup section */

/* Begin PBXNativeTarget section */
		AA421C9B1EBA16E400C1F6FF /* Training */ = {
			isa = PBXNativeTarget;
			buildConfigurationList = AA421CB91EBA16E500C1F6FF /* Build configuration list for PBXNativeTarget "Training" */;
			buildPhases = (
				AA421C981EBA16E400C1F6FF /* Sources */,
				AA421C991EBA16E400C1F6FF /* Frameworks */,
				AA421C9A1EBA16E400C1F6FF /* Resources */,
			);
			buildRules = (
			);
			dependencies = (
			);
			name = Training;
			productName = Training;
			productReference = AA421C9C1EBA16E500C1F6FF /* Training.app */;
			productType = "com.apple.product-type.application";
		};
		AA421CAF1EBA16E500C1F6FF /* TrainingTests */ = {
			isa = PBXNativeTarget;
			buildConfigurationList = AA421CBC1EBA16E500C1F6FF /* Build configuration list for PBXNativeTarget "TrainingTests" */;
			buildPhases = (
				AA421CAC1EBA16E500C1F6FF /* Sources */,
				AA421CAD1EBA16E500C1F6FF /* Frameworks */,
				AA421CAE1EBA16E500C1F6FF /* Resources */,
			);
			buildRules = (
			);
			dependencies = (
				AA421CB21EBA16E500C1F6FF /* PBXTargetDependency */,
			);
			name = TrainingTests;
			productName = TrainingTests;
			productReference = AA421CB01EBA16E500C1F6FF /* TrainingTests.xctest */;
			productType = "com.apple.product-type.bundle.unit-test";
		};
/* End PBXNativeTarget section */

/* Begin PBXProject section */
		AA421C941EBA16E400C1F6FF /* Project object */ = {
			isa = PBXProject;
			attributes = {
				LastSwiftUpdateCheck = 0820;
				LastUpgradeCheck = 0820;
				ORGANIZATIONNAME = "Mario Guillermo Boaglio";
				TargetAttributes = {
					AA421C9B1EBA16E400C1F6FF = {
						CreatedOnToolsVersion = 8.2.1;
						DevelopmentTeam = 993N4W56GV;
						ProvisioningStyle = Automatic;
					};
					AA421CAF1EBA16E500C1F6FF = {
						CreatedOnToolsVersion = 8.2.1;
						DevelopmentTeam = 993N4W56GV;
						ProvisioningStyle = Automatic;
						TestTargetID = AA421C9B1EBA16E400C1F6FF;
					};
				};
			};
			buildConfigurationList = AA421C971EBA16E400C1F6FF /* Build configuration list for PBXProject "Training" */;
			compatibilityVersion = "Xcode 3.2";
			developmentRegion = English;
			hasScannedForEncodings = 0;
			knownRegions = (
				en,
				Base,
			);
			mainGroup = AA421C931EBA16E400C1F6FF;
			productRefGroup = AA421C9D1EBA16E500C1F6FF /* Products */;
			projectDirPath = "";
			projectRoot = "";
			targets = (
				AA421C9B1EBA16E400C1F6FF /* Training */,
				AA421CAF1EBA16E500C1F6FF /* TrainingTests */,
			);
		};
/* End PBXProject section */

/* Begin PBXResourcesBuildPhase section */
		AA421C9A1EBA16E400C1F6FF /* Resources */ = {
			isa = PBXResourcesBuildPhase;
			buildActionMask = 2147483647;
			files = (
				AA15976C1EC26CC5002E472F /* LoginViewController.xib in Resources */,
				AA421CAA1EBA16E500C1F6FF /* LaunchScreen.storyboard in Resources */,
				AA1597701EC26CC5002E472F /* MainViewController.xib in Resources */,
				AA15978B1EC3599A002E472F /* Main.storyboard in Resources */,
				AA15977C1EC26CC5002E472F /* SettingsViewController.xib in Resources */,
				AA421CA71EBA16E500C1F6FF /* Assets.xcassets in Resources */,
				AA1597771EC26CC5002E472F /* MainCourseCellView.xib in Resources */,
				AA1597731EC26CC5002E472F /* MainCourseDetailViewController.xib in Resources */,
			);
			runOnlyForDeploymentPostprocessing = 0;
		};
		AA421CAE1EBA16E500C1F6FF /* Resources */ = {
			isa = PBXResourcesBuildPhase;
			buildActionMask = 2147483647;
			files = (
			);
			runOnlyForDeploymentPostprocessing = 0;
		};
/* End PBXResourcesBuildPhase section */

/* Begin PBXSourcesBuildPhase section */
		AA421C981EBA16E400C1F6FF /* Sources */ = {
			isa = PBXSourcesBuildPhase;
			buildActionMask = 2147483647;
			files = (
				AA15976D1EC26CC5002E472F /* MainPresenter.swift in Sources */,
				AA15976A1EC26CC5002E472F /* LoginProtocol.swift in Sources */,
				AA1597871EC357EF002E472F /* MainCoursesProtocol.swift in Sources */,
				AA1597751EC26CC5002E472F /* MainCourseCellProtocol.swift in Sources */,
				AA15977A1EC26CC5002E472F /* SettingsProtocol.swift in Sources */,
				AA1597741EC26CC5002E472F /* MainCoursePresenter.swift in Sources */,
				AA15976E1EC26CC5002E472F /* MainProtocol.swift in Sources */,
				AA15977E1EC26CCA002E472F /* MainCoursesList.xcdatamodel in Sources */,
				AA421CA01EBA16E500C1F6FF /* AppDelegate.swift in Sources */,
				AA1597861EC357EF002E472F /* MainCoursesPresenter.swift in Sources */,
				AA15976B1EC26CC5002E472F /* LoginViewController.swift in Sources */,
				AA1597761EC26CC5002E472F /* MainCourseCellView.swift in Sources */,
				AA1597681EC26CC5002E472F /* LoginModel.swift in Sources */,
				AA1597821EC351CE002E472F /* LoginPresenter.swift in Sources */,
				AA15977B1EC26CC5002E472F /* SettingsViewController.swift in Sources */,
				AA15976F1EC26CC5002E472F /* MainViewController.swift in Sources */,
				AA1597711EC26CC5002E472F /* MainCourseDetailProtocol.swift in Sources */,
				AA1597721EC26CC5002E472F /* MainCourseDetailViewController.swift in Sources */,
				AA1597881EC357EF002E472F /* MainCoursesTableViewController.swift in Sources */,
				AA1597791EC26CC5002E472F /* SettingsPresenter.swift in Sources */,
			);
			runOnlyForDeploymentPostprocessing = 0;
		};
		AA421CAC1EBA16E500C1F6FF /* Sources */ = {
			isa = PBXSourcesBuildPhase;
			buildActionMask = 2147483647;
			files = (
				AA421CB51EBA16E500C1F6FF /* TrainingTests.swift in Sources */,
			);
			runOnlyForDeploymentPostprocessing = 0;
		};
/* End PBXSourcesBuildPhase section */

/* Begin PBXTargetDependency section */
		AA421CB21EBA16E500C1F6FF /* PBXTargetDependency */ = {
			isa = PBXTargetDependency;
			target = AA421C9B1EBA16E400C1F6FF /* Training */;
			targetProxy = AA421CB11EBA16E500C1F6FF /* PBXContainerItemProxy */;
		};
/* End PBXTargetDependency section */

/* Begin PBXVariantGroup section */
		AA1597891EC3599A002E472F /* Main.storyboard */ = {
			isa = PBXVariantGroup;
			children = (
				AA15978A1EC3599A002E472F /* Base */,
			);
			name = Main.storyboard;
			sourceTree = "<group>";
		};
		AA421CA81EBA16E500C1F6FF /* LaunchScreen.storyboard */ = {
			isa = PBXVariantGroup;
			children = (
				AA421CA91EBA16E500C1F6FF /* Base */,
			);
			name = LaunchScreen.storyboard;
			sourceTree = "<group>";
		};
/* End PBXVariantGroup section */

/* Begin XCBuildConfiguration section */
		AA421CB71EBA16E500C1F6FF /* Debug */ = {
			isa = XCBuildConfiguration;
			buildSettings = {
				ALWAYS_SEARCH_USER_PATHS = NO;
				CLANG_ANALYZER_NONNULL = YES;
				CLANG_CXX_LANGUAGE_STANDARD = "gnu++0x";
				CLANG_CXX_LIBRARY = "libc++";
				CLANG_ENABLE_MODULES = YES;
				CLANG_ENABLE_OBJC_ARC = YES;
				CLANG_WARN_BOOL_CONVERSION = YES;
				CLANG_WARN_CONSTANT_CONVERSION = YES;
				CLANG_WARN_DIRECT_OBJC_ISA_USAGE = YES_ERROR;
				CLANG_WARN_DOCUMENTATION_COMMENTS = YES;
				CLANG_WARN_EMPTY_BODY = YES;
				CLANG_WARN_ENUM_CONVERSION = YES;
				CLANG_WARN_INFINITE_RECURSION = YES;
				CLANG_WARN_INT_CONVERSION = YES;
				CLANG_WARN_OBJC_ROOT_CLASS = YES_ERROR;
				CLANG_WARN_SUSPICIOUS_MOVE = YES;
				CLANG_WARN_UNREACHABLE_CODE = YES;
				CLANG_WARN__DUPLICATE_METHOD_MATCH = YES;
				"CODE_SIGN_IDENTITY[sdk=iphoneos*]" = "iPhone Developer";
				COPY_PHASE_STRIP = NO;
				DEBUG_INFORMATION_FORMAT = dwarf;
				ENABLE_STRICT_OBJC_MSGSEND = YES;
				ENABLE_TESTABILITY = YES;
				GCC_C_LANGUAGE_STANDARD = gnu99;
				GCC_DYNAMIC_NO_PIC = NO;
				GCC_NO_COMMON_BLOCKS = YES;
				GCC_OPTIMIZATION_LEVEL = 0;
				GCC_PREPROCESSOR_DEFINITIONS = (
					"DEBUG=1",
					"$(inherited)",
				);
				GCC_WARN_64_TO_32_BIT_CONVERSION = YES;
				GCC_WARN_ABOUT_RETURN_TYPE = YES_ERROR;
				GCC_WARN_UNDECLARED_SELECTOR = YES;
				GCC_WARN_UNINITIALIZED_AUTOS = YES_AGGRESSIVE;
				GCC_WARN_UNUSED_FUNCTION = YES;
				GCC_WARN_UNUSED_VARIABLE = YES;
				IPHONEOS_DEPLOYMENT_TARGET = 10.2;
				MTL_ENABLE_DEBUG_INFO = YES;
				ONLY_ACTIVE_ARCH = YES;
				SDKROOT = iphoneos;
				SWIFT_ACTIVE_COMPILATION_CONDITIONS = DEBUG;
				SWIFT_OPTIMIZATION_LEVEL = "-Onone";
				TARGETED_DEVICE_FAMILY = "1,2";
			};
			name = Debug;
		};
		AA421CB81EBA16E500C1F6FF /* Release */ = {
			isa = XCBuildConfiguration;
			buildSettings = {
				ALWAYS_SEARCH_USER_PATHS = NO;
				CLANG_ANALYZER_NONNULL = YES;
				CLANG_CXX_LANGUAGE_STANDARD = "gnu++0x";
				CLANG_CXX_LIBRARY = "libc++";
				CLANG_ENABLE_MODULES = YES;
				CLANG_ENABLE_OBJC_ARC = YES;
				CLANG_WARN_BOOL_CONVERSION = YES;
				CLANG_WARN_CONSTANT_CONVERSION = YES;
				CLANG_WARN_DIRECT_OBJC_ISA_USAGE = YES_ERROR;
				CLANG_WARN_DOCUMENTATION_COMMENTS = YES;
				CLANG_WARN_EMPTY_BODY = YES;
				CLANG_WARN_ENUM_CONVERSION = YES;
				CLANG_WARN_INFINITE_RECURSION = YES;
				CLANG_WARN_INT_CONVERSION = YES;
				CLANG_WARN_OBJC_ROOT_CLASS = YES_ERROR;
				CLANG_WARN_SUSPICIOUS_MOVE = YES;
				CLANG_WARN_UNREACHABLE_CODE = YES;
				CLANG_WARN__DUPLICATE_METHOD_MATCH = YES;
				"CODE_SIGN_IDENTITY[sdk=iphoneos*]" = "iPhone Developer";
				COPY_PHASE_STRIP = NO;
				DEBUG_INFORMATION_FORMAT = "dwarf-with-dsym";
				ENABLE_NS_ASSERTIONS = NO;
				ENABLE_STRICT_OBJC_MSGSEND = YES;
				GCC_C_LANGUAGE_STANDARD = gnu99;
				GCC_NO_COMMON_BLOCKS = YES;
				GCC_WARN_64_TO_32_BIT_CONVERSION = YES;
				GCC_WARN_ABOUT_RETURN_TYPE = YES_ERROR;
				GCC_WARN_UNDECLARED_SELECTOR = YES;
				GCC_WARN_UNINITIALIZED_AUTOS = YES_AGGRESSIVE;
				GCC_WARN_UNUSED_FUNCTION = YES;
				GCC_WARN_UNUSED_VARIABLE = YES;
				IPHONEOS_DEPLOYMENT_TARGET = 10.2;
				MTL_ENABLE_DEBUG_INFO = NO;
				SDKROOT = iphoneos;
				SWIFT_OPTIMIZATION_LEVEL = "-Owholemodule";
				TARGETED_DEVICE_FAMILY = "1,2";
				VALIDATE_PRODUCT = YES;
			};
			name = Release;
		};
		AA421CBA1EBA16E500C1F6FF /* Debug */ = {
			isa = XCBuildConfiguration;
			buildSettings = {
				ASSETCATALOG_COMPILER_APPICON_NAME = AppIcon;
				DEVELOPMENT_TEAM = 993N4W56GV;
				INFOPLIST_FILE = Training/Info.plist;
				LD_RUNPATH_SEARCH_PATHS = "$(inherited) @executable_path/Frameworks";
				PRODUCT_BUNDLE_IDENTIFIER = "Boaglio-Inc.Training";
				PRODUCT_NAME = "$(TARGET_NAME)";
				SWIFT_VERSION = 3.0;
			};
			name = Debug;
		};
		AA421CBB1EBA16E500C1F6FF /* Release */ = {
			isa = XCBuildConfiguration;
			buildSettings = {
				ASSETCATALOG_COMPILER_APPICON_NAME = AppIcon;
				DEVELOPMENT_TEAM = 993N4W56GV;
				INFOPLIST_FILE = Training/Info.plist;
				LD_RUNPATH_SEARCH_PATHS = "$(inherited) @executable_path/Frameworks";
				PRODUCT_BUNDLE_IDENTIFIER = "Boaglio-Inc.Training";
				PRODUCT_NAME = "$(TARGET_NAME)";
				SWIFT_VERSION = 3.0;
			};
			name = Release;
		};
		AA421CBD1EBA16E500C1F6FF /* Debug */ = {
			isa = XCBuildConfiguration;
			buildSettings = {
				ALWAYS_EMBED_SWIFT_STANDARD_LIBRARIES = YES;
				BUNDLE_LOADER = "$(TEST_HOST)";
				DEVELOPMENT_TEAM = 993N4W56GV;
				INFOPLIST_FILE = TrainingTests/Info.plist;
				LD_RUNPATH_SEARCH_PATHS = "$(inherited) @executable_path/Frameworks @loader_path/Frameworks";
				PRODUCT_BUNDLE_IDENTIFIER = "Boaglio-Inc.TrainingTests";
				PRODUCT_NAME = "$(TARGET_NAME)";
				SWIFT_VERSION = 3.0;
				TEST_HOST = "$(BUILT_PRODUCTS_DIR)/Training.app/Training";
			};
			name = Debug;
		};
		AA421CBE1EBA16E500C1F6FF /* Release */ = {
			isa = XCBuildConfiguration;
			buildSettings = {
				ALWAYS_EMBED_SWIFT_STANDARD_LIBRARIES = YES;
				BUNDLE_LOADER = "$(TEST_HOST)";
				DEVELOPMENT_TEAM = 993N4W56GV;
				INFOPLIST_FILE = TrainingTests/Info.plist;
				LD_RUNPATH_SEARCH_PATHS = "$(inherited) @executable_path/Frameworks @loader_path/Frameworks";
				PRODUCT_BUNDLE_IDENTIFIER = "Boaglio-Inc.TrainingTests";
				PRODUCT_NAME = "$(TARGET_NAME)";
				SWIFT_VERSION = 3.0;
				TEST_HOST = "$(BUILT_PRODUCTS_DIR)/Training.app/Training";
			};
			name = Release;
		};
/* End XCBuildConfiguration section */

/* Begin XCConfigurationList section */
		AA421C971EBA16E400C1F6FF /* Build configuration list for PBXProject "Training" */ = {
			isa = XCConfigurationList;
			buildConfigurations = (
				AA421CB71EBA16E500C1F6FF /* Debug */,
				AA421CB81EBA16E500C1F6FF /* Release */,
			);
			defaultConfigurationIsVisible = 0;
			defaultConfigurationName = Release;
		};
		AA421CB91EBA16E500C1F6FF /* Build configuration list for PBXNativeTarget "Training" */ = {
			isa = XCConfigurationList;
			buildConfigurations = (
				AA421CBA1EBA16E500C1F6FF /* Debug */,
				AA421CBB1EBA16E500C1F6FF /* Release */,
			);
			defaultConfigurationIsVisible = 0;
			defaultConfigurationName = Release;
		};
		AA421CBC1EBA16E500C1F6FF /* Build configuration list for PBXNativeTarget "TrainingTests" */ = {
			isa = XCConfigurationList;
			buildConfigurations = (
				AA421CBD1EBA16E500C1F6FF /* Debug */,
				AA421CBE1EBA16E500C1F6FF /* Release */,
			);
			defaultConfigurationIsVisible = 0;
			defaultConfigurationName = Release;
		};
/* End XCConfigurationList section */
	};
	rootObject = AA421C941EBA16E400C1F6FF /* Project object */;
}
